
Microsoft Visual Studio Solution File, Format Version 12.00
# Visual Studio Version 17
VisualStudioVersion = 17.2.32630.192
MinimumVisualStudioVersion = 10.0.40219.1
Project("{2150E333-8FDC-42A3-9474-1A3956D46DE8}") = "3 Business", "3 Business", "{9A9B0ABD-D959-4258-82BD-B02601D62F45}"
EndProject
Project("{2150E333-8FDC-42A3-9474-1A3956D46DE8}") = "2 Service", "2 Service", "{D71FDF49-9F12-46FC-A915-42DA21B9622E}"
EndProject
Project("{2150E333-8FDC-42A3-9474-1A3956D46DE8}") = "1 Presentation", "1 Presentation", "{A2A1A37B-AC16-4171-B0A8-CDD2DEB779B2}"
EndProject
Project("{2150E333-8FDC-42A3-9474-1A3956D46DE8}") = "4 Persistence", "4 Persistence", "{C4204CB8-94BF-42F2-84BE-A35D2C0C7716}"
EndProject
Project("{2150E333-8FDC-42A3-9474-1A3956D46DE8}") = "5 Domain", "5 Domain", "{56772B78-3FB7-4FCD-93E6-C8270645ADA1}"
EndProject
Project("{9A19103F-16F7-4668-BE54-9A1E7A4F7556}") = "Ecommerce.DTO", "Ecommerce.DTO\Ecommerce.DTO.csproj", "{19E5DEFB-B5B4-4D1D-913F-3E8A814795AB}"
EndProject
Project("{9A19103F-16F7-4668-BE54-9A1E7A4F7556}") = "Ecommerce.BLL", "Ecommerce.BLL\Ecommerce.BLL.csproj", "{EE3A4DE5-B1FF-44BF-919D-97ED9E8F8F98}"
EndProject
Project("{9A19103F-16F7-4668-BE54-9A1E7A4F7556}") = "Ecommerce.Repositroy", "Ecommerce.Repositroy\Ecommerce.Repositroy.csproj", "{7F314C8B-8A6C-4D3B-9459-354B97DFFDB4}"
EndProject
Project("{9A19103F-16F7-4668-BE54-9A1E7A4F7556}") = "Ecommerce.Core", "Ecommerce.Core\Ecommerce.Core.csproj", "{692CCF99-34AA-4409-86C5-EF89CC72FD3E}"
EndProject
Project("{9A19103F-16F7-4668-BE54-9A1E7A4F7556}") = "Ecommerce.Admin.API", "Ecommerce.Admin.API\Ecommerce.Admin.API.csproj", "{E7CBAB83-2263-49E2-99C4-90889EB93934}"
EndProject
Project("{2150E333-8FDC-42A3-9474-1A3956D46DE8}") = "6 Helper", "6 Helper", "{DD9D393B-1F65-4063-B270-38BA63FF753D}"
EndProject
Project("{9A19103F-16F7-4668-BE54-9A1E7A4F7556}") = "Ecommerce.Helper", "Ecommerce.Helper\Ecommerce.Helper.csproj", "{23381E97-67A2-4489-B7AB-3E4F0C4C3424}"
EndProject
Project("{9A19103F-16F7-4668-BE54-9A1E7A4F7556}") = "Ecommerce.Localization", "Ecommerce.Localization\Ecommerce.Localization.csproj", "{4E9829FD-895C-4224-AD8F-4561F197BE27}"
EndProject
Project("{9A19103F-16F7-4668-BE54-9A1E7A4F7556}") = "Ecommerce.Customer.API", "Ecommerce.Customer.API\Ecommerce.Customer.API.csproj", "{20C0EBC2-A9C7-4FA7-991E-EAE298981B82}"
EndProject
Project("{2150E333-8FDC-42A3-9474-1A3956D46DE8}") = "7 Reports", "7 Reports", "{55AF70A4-D1C7-47DD-A1D0-5459B435F7EA}"
EndProject
Project("{9A19103F-16F7-4668-BE54-9A1E7A4F7556}") = "Ecommerce.Reports", "Ecommerce.Reports\Ecommerce.Reports.csproj", "{CC4AC0B0-D2C4-4E8A-9104-6EA0FEA40195}"
EndProject
Global
	GlobalSection(SolutionConfigurationPlatforms) = preSolution
		Debug|Any CPU = Debug|Any CPU
		Release|Any CPU = Release|Any CPU
		Stage|Any CPU = Stage|Any CPU
	EndGlobalSection
	GlobalSection(ProjectConfigurationPlatforms) = postSolution
		{19E5DEFB-B5B4-4D1D-913F-3E8A814795AB}.Debug|Any CPU.ActiveCfg = Debug|Any CPU
		{19E5DEFB-B5B4-4D1D-913F-3E8A814795AB}.Debug|Any CPU.Build.0 = Debug|Any CPU
		{19E5DEFB-B5B4-4D1D-913F-3E8A814795AB}.Release|Any CPU.ActiveCfg = Release|Any CPU
		{19E5DEFB-B5B4-4D1D-913F-3E8A814795AB}.Release|Any CPU.Build.0 = Release|Any CPU
		{19E5DEFB-B5B4-4D1D-913F-3E8A814795AB}.Stage|Any CPU.ActiveCfg = Release|Any CPU
		{19E5DEFB-B5B4-4D1D-913F-3E8A814795AB}.Stage|Any CPU.Build.0 = Release|Any CPU
		{EE3A4DE5-B1FF-44BF-919D-97ED9E8F8F98}.Debug|Any CPU.ActiveCfg = Debug|Any CPU
		{EE3A4DE5-B1FF-44BF-919D-97ED9E8F8F98}.Debug|Any CPU.Build.0 = Debug|Any CPU
		{EE3A4DE5-B1FF-44BF-919D-97ED9E8F8F98}.Release|Any CPU.ActiveCfg = Release|Any CPU
		{EE3A4DE5-B1FF-44BF-919D-97ED9E8F8F98}.Release|Any CPU.Build.0 = Release|Any CPU
		{EE3A4DE5-B1FF-44BF-919D-97ED9E8F8F98}.Stage|Any CPU.ActiveCfg = Release|Any CPU
		{EE3A4DE5-B1FF-44BF-919D-97ED9E8F8F98}.Stage|Any CPU.Build.0 = Release|Any CPU
		{7F314C8B-8A6C-4D3B-9459-354B97DFFDB4}.Debug|Any CPU.ActiveCfg = Debug|Any CPU
		{7F314C8B-8A6C-4D3B-9459-354B97DFFDB4}.Debug|Any CPU.Build.0 = Debug|Any CPU
		{7F314C8B-8A6C-4D3B-9459-354B97DFFDB4}.Release|Any CPU.ActiveCfg = Release|Any CPU
		{7F314C8B-8A6C-4D3B-9459-354B97DFFDB4}.Release|Any CPU.Build.0 = Release|Any CPU
		{7F314C8B-8A6C-4D3B-9459-354B97DFFDB4}.Stage|Any CPU.ActiveCfg = Release|Any CPU
		{7F314C8B-8A6C-4D3B-9459-354B97DFFDB4}.Stage|Any CPU.Build.0 = Release|Any CPU
		{692CCF99-34AA-4409-86C5-EF89CC72FD3E}.Debug|Any CPU.ActiveCfg = Debug|Any CPU
		{692CCF99-34AA-4409-86C5-EF89CC72FD3E}.Debug|Any CPU.Build.0 = Debug|Any CPU
		{692CCF99-34AA-4409-86C5-EF89CC72FD3E}.Release|Any CPU.ActiveCfg = Release|Any CPU
		{692CCF99-34AA-4409-86C5-EF89CC72FD3E}.Release|Any CPU.Build.0 = Release|Any CPU
		{692CCF99-34AA-4409-86C5-EF89CC72FD3E}.Stage|Any CPU.ActiveCfg = Release|Any CPU
		{692CCF99-34AA-4409-86C5-EF89CC72FD3E}.Stage|Any CPU.Build.0 = Release|Any CPU
		{E7CBAB83-2263-49E2-99C4-90889EB93934}.Debug|Any CPU.ActiveCfg = Debug|Any CPU
		{E7CBAB83-2263-49E2-99C4-90889EB93934}.Debug|Any CPU.Build.0 = Debug|Any CPU
		{E7CBAB83-2263-49E2-99C4-90889EB93934}.Release|Any CPU.ActiveCfg = Release|Any CPU
		{E7CBAB83-2263-49E2-99C4-90889EB93934}.Release|Any CPU.Build.0 = Release|Any CPU
		{E7CBAB83-2263-49E2-99C4-90889EB93934}.Stage|Any CPU.ActiveCfg = Release|Any CPU
		{E7CBAB83-2263-49E2-99C4-90889EB93934}.Stage|Any CPU.Build.0 = Release|Any CPU
		{23381E97-67A2-4489-B7AB-3E4F0C4C3424}.Debug|Any CPU.ActiveCfg = Debug|Any CPU
		{23381E97-67A2-4489-B7AB-3E4F0C4C3424}.Debug|Any CPU.Build.0 = Debug|Any CPU
		{23381E97-67A2-4489-B7AB-3E4F0C4C3424}.Release|Any CPU.ActiveCfg = Release|Any CPU
		{23381E97-67A2-4489-B7AB-3E4F0C4C3424}.Release|Any CPU.Build.0 = Release|Any CPU
		{23381E97-67A2-4489-B7AB-3E4F0C4C3424}.Stage|Any CPU.ActiveCfg = Release|Any CPU
		{23381E97-67A2-4489-B7AB-3E4F0C4C3424}.Stage|Any CPU.Build.0 = Release|Any CPU
		{4E9829FD-895C-4224-AD8F-4561F197BE27}.Debug|Any CPU.ActiveCfg = Debug|Any CPU
		{4E9829FD-895C-4224-AD8F-4561F197BE27}.Debug|Any CPU.Build.0 = Debug|Any CPU
		{4E9829FD-895C-4224-AD8F-4561F197BE27}.Release|Any CPU.ActiveCfg = Release|Any CPU
		{4E9829FD-895C-4224-AD8F-4561F197BE27}.Release|Any CPU.Build.0 = Release|Any CPU
		{4E9829FD-895C-4224-AD8F-4561F197BE27}.Stage|Any CPU.ActiveCfg = Release|Any CPU
		{4E9829FD-895C-4224-AD8F-4561F197BE27}.Stage|Any CPU.Build.0 = Release|Any CPU
		{20C0EBC2-A9C7-4FA7-991E-EAE298981B82}.Debug|Any CPU.ActiveCfg = Debug|Any CPU
		{20C0EBC2-A9C7-4FA7-991E-EAE298981B82}.Debug|Any CPU.Build.0 = Debug|Any CPU
		{20C0EBC2-A9C7-4FA7-991E-EAE298981B82}.Release|Any CPU.ActiveCfg = Release|Any CPU
		{20C0EBC2-A9C7-4FA7-991E-EAE298981B82}.Release|Any CPU.Build.0 = Release|Any CPU
		{20C0EBC2-A9C7-4FA7-991E-EAE298981B82}.Stage|Any CPU.ActiveCfg = Stage|Any CPU
		{20C0EBC2-A9C7-4FA7-991E-EAE298981B82}.Stage|Any CPU.Build.0 = Stage|Any CPU
		{CC4AC0B0-D2C4-4E8A-9104-6EA0FEA40195}.Debug|Any CPU.ActiveCfg = Debug|Any CPU
		{CC4AC0B0-D2C4-4E8A-9104-6EA0FEA40195}.Debug|Any CPU.Build.0 = Debug|Any CPU
		{CC4AC0B0-D2C4-4E8A-9104-6EA0FEA40195}.Release|Any CPU.ActiveCfg = Release|Any CPU
		{CC4AC0B0-D2C4-4E8A-9104-6EA0FEA40195}.Release|Any CPU.Build.0 = Release|Any CPU
		{CC4AC0B0-D2C4-4E8A-9104-6EA0FEA40195}.Stage|Any CPU.ActiveCfg = Debug|Any CPU
		{CC4AC0B0-D2C4-4E8A-9104-6EA0FEA40195}.Stage|Any CPU.Build.0 = Debug|Any CPU
	EndGlobalSection
	GlobalSection(SolutionProperties) = preSolution
		HideSolutionNode = FALSE
	EndGlobalSection
	GlobalSection(NestedProjects) = preSolution
		{19E5DEFB-B5B4-4D1D-913F-3E8A814795AB} = {9A9B0ABD-D959-4258-82BD-B02601D62F45}
		{EE3A4DE5-B1FF-44BF-919D-97ED9E8F8F98} = {9A9B0ABD-D959-4258-82BD-B02601D62F45}
		{7F314C8B-8A6C-4D3B-9459-354B97DFFDB4} = {C4204CB8-94BF-42F2-84BE-A35D2C0C7716}
		{692CCF99-34AA-4409-86C5-EF89CC72FD3E} = {56772B78-3FB7-4FCD-93E6-C8270645ADA1}
		{E7CBAB83-2263-49E2-99C4-90889EB93934} = {D71FDF49-9F12-46FC-A915-42DA21B9622E}
		{23381E97-67A2-4489-B7AB-3E4F0C4C3424} = {DD9D393B-1F65-4063-B270-38BA63FF753D}
		{4E9829FD-895C-4224-AD8F-4561F197BE27} = {DD9D393B-1F65-4063-B270-38BA63FF753D}
		{20C0EBC2-A9C7-4FA7-991E-EAE298981B82} = {D71FDF49-9F12-46FC-A915-42DA21B9622E}
		{CC4AC0B0-D2C4-4E8A-9104-6EA0FEA40195} = {55AF70A4-D1C7-47DD-A1D0-5459B435F7EA}
	EndGlobalSection
	GlobalSection(ExtensibilityGlobals) = postSolution
		SolutionGuid = {D0F5471E-F4F0-4251-8B63-041C5F61726E}
	EndGlobalSection
EndGlobal
